// !$*UTF8*$!
{
	archiveVersion = 1;
	classes = {
	};
	objectVersion = 50;
	objects = {

/* Begin PBXBuildFile section */
		AC74D5FE19A235957AD84162 /* Pods_SpotifyClientTests.framework in Frameworks */ = {isa = PBXBuildFile; fileRef = D5F5A7292DEF9D96CA954485 /* Pods_SpotifyClientTests.framework */; };
		C71D1DAE211FE5B2006DF250 /* HomePageModel.swift in Sources */ = {isa = PBXBuildFile; fileRef = C71D1DAD211FE5B2006DF250 /* HomePageModel.swift */; };
		C71D1DB0211FE5D0006DF250 /* HomePageViewModel.swift in Sources */ = {isa = PBXBuildFile; fileRef = C71D1DAF211FE5D0006DF250 /* HomePageViewModel.swift */; };
		C71D1DB221200B59006DF250 /* PerformSPRequest.swift in Sources */ = {isa = PBXBuildFile; fileRef = C71D1DB121200B59006DF250 /* PerformSPRequest.swift */; };
		C71D1DB42120AA99006DF250 /* PlayerSingleton.swift in Sources */ = {isa = PBXBuildFile; fileRef = C71D1DB32120AA99006DF250 /* PlayerSingleton.swift */; };
		C72ACD2221293ED600387279 /* TextFieldHelpers.swift in Sources */ = {isa = PBXBuildFile; fileRef = C72ACD2121293ED600387279 /* TextFieldHelpers.swift */; };
		C73C132921116D99003D6B29 /* SpotifyAuthentication.framework in Frameworks */ = {isa = PBXBuildFile; fileRef = C73C132621116D85003D6B29 /* SpotifyAuthentication.framework */; };
		C73C132A21116D99003D6B29 /* SpotifyMetadata.framework in Frameworks */ = {isa = PBXBuildFile; fileRef = C73C132721116D86003D6B29 /* SpotifyMetadata.framework */; };
		C73C132B21116D99003D6B29 /* SpotifyAudioPlayback.framework in Frameworks */ = {isa = PBXBuildFile; fileRef = C73C132821116D86003D6B29 /* SpotifyAudioPlayback.framework */; };
		C73C1331211171C8003D6B29 /* SignInViewController.swift in Sources */ = {isa = PBXBuildFile; fileRef = C73C1330211171C8003D6B29 /* SignInViewController.swift */; };
		C73C13342111867F003D6B29 /* SpotifyAuthUtils.swift in Sources */ = {isa = PBXBuildFile; fileRef = C73C13332111867F003D6B29 /* SpotifyAuthUtils.swift */; };
		C73C1336211939B6003D6B29 /* PlaybackViewController.swift in Sources */ = {isa = PBXBuildFile; fileRef = C73C1335211939B6003D6B29 /* PlaybackViewController.swift */; };
		C73CDA21210D5FD400B6A3F7 /* HomeViewController.swift in Sources */ = {isa = PBXBuildFile; fileRef = C73CDA20210D5FD400B6A3F7 /* HomeViewController.swift */; };
		C73CDA25210D61E000B6A3F7 /* Router.swift in Sources */ = {isa = PBXBuildFile; fileRef = C73CDA24210D61E000B6A3F7 /* Router.swift */; };
		C73CDA27210D622B00B6A3F7 /* Coordinator.swift in Sources */ = {isa = PBXBuildFile; fileRef = C73CDA26210D622A00B6A3F7 /* Coordinator.swift */; };
		C73CDA29210D625C00B6A3F7 /* PlaylistsCoordinator.swift in Sources */ = {isa = PBXBuildFile; fileRef = C73CDA28210D625C00B6A3F7 /* PlaylistsCoordinator.swift */; };
		C73CDA2B210D638300B6A3F7 /* PlaylistsViewController.swift in Sources */ = {isa = PBXBuildFile; fileRef = C73CDA2A210D638300B6A3F7 /* PlaylistsViewController.swift */; };
		C73CDA2D210D63F400B6A3F7 /* HomeCoordinator.swift in Sources */ = {isa = PBXBuildFile; fileRef = C73CDA2C210D63F400B6A3F7 /* HomeCoordinator.swift */; };
		C73CDA2F210D6F6600B6A3F7 /* MainViewController.swift in Sources */ = {isa = PBXBuildFile; fileRef = C73CDA2E210D6F6600B6A3F7 /* MainViewController.swift */; };
		C73CDA31210D703C00B6A3F7 /* AppViewController.swift in Sources */ = {isa = PBXBuildFile; fileRef = C73CDA30210D703C00B6A3F7 /* AppViewController.swift */; };
		C73CDA33210D704F00B6A3F7 /* MenuViewController.swift in Sources */ = {isa = PBXBuildFile; fileRef = C73CDA32210D704F00B6A3F7 /* MenuViewController.swift */; };
		C73CDA35210D7CB000B6A3F7 /* ProfileViewController.swift in Sources */ = {isa = PBXBuildFile; fileRef = C73CDA34210D7CB000B6A3F7 /* ProfileViewController.swift */; };
		C73CDA37210E29F400B6A3F7 /* MenuRouteDelegate.swift in Sources */ = {isa = PBXBuildFile; fileRef = C73CDA36210E29F400B6A3F7 /* MenuRouteDelegate.swift */; };
		C73CDA3A210E97B100B6A3F7 /* LayoutProvider.swift in Sources */ = {isa = PBXBuildFile; fileRef = C73CDA39210E97B100B6A3F7 /* LayoutProvider.swift */; };
		C76F8F0F210D5A1C002B4756 /* AppDelegate.swift in Sources */ = {isa = PBXBuildFile; fileRef = C76F8F0E210D5A1C002B4756 /* AppDelegate.swift */; };
		C76F8F14210D5A1C002B4756 /* Main.storyboard in Resources */ = {isa = PBXBuildFile; fileRef = C76F8F12210D5A1C002B4756 /* Main.storyboard */; };
		C76F8F16210D5A1D002B4756 /* Assets.xcassets in Resources */ = {isa = PBXBuildFile; fileRef = C76F8F15210D5A1D002B4756 /* Assets.xcassets */; };
		C76F8F19210D5A1D002B4756 /* LaunchScreen.storyboard in Resources */ = {isa = PBXBuildFile; fileRef = C76F8F17210D5A1D002B4756 /* LaunchScreen.storyboard */; };
		C76F8F24210D5A1D002B4756 /* SpotifyClientTests.swift in Sources */ = {isa = PBXBuildFile; fileRef = C76F8F23210D5A1D002B4756 /* SpotifyClientTests.swift */; };
		D9DF8FC94478369A0BB47F97 /* Pods_SpotifyClient.framework in Frameworks */ = {isa = PBXBuildFile; fileRef = E07550EDD0C844BAC8E7BC14 /* Pods_SpotifyClient.framework */; };
/* End PBXBuildFile section */

/* Begin PBXContainerItemProxy section */
		C76F8F20210D5A1D002B4756 /* PBXContainerItemProxy */ = {
			isa = PBXContainerItemProxy;
			containerPortal = C76F8F03210D5A1C002B4756 /* Project object */;
			proxyType = 1;
			remoteGlobalIDString = C76F8F0A210D5A1C002B4756;
			remoteInfo = SpotifyClient;
		};
/* End PBXContainerItemProxy section */

/* Begin PBXFileReference section */
		4AB2C0DC65C7AF8A885573A7 /* Pods-SpotifyClient.debug.xcconfig */ = {isa = PBXFileReference; includeInIndex = 1; lastKnownFileType = text.xcconfig; name = "Pods-SpotifyClient.debug.xcconfig"; path = "Pods/Target Support Files/Pods-SpotifyClient/Pods-SpotifyClient.debug.xcconfig"; sourceTree = "<group>"; };
		69BDAC3F9AA4EE12C3FCC4F3 /* Pods-SpotifyClientTests.debug.xcconfig */ = {isa = PBXFileReference; includeInIndex = 1; lastKnownFileType = text.xcconfig; name = "Pods-SpotifyClientTests.debug.xcconfig"; path = "Pods/Target Support Files/Pods-SpotifyClientTests/Pods-SpotifyClientTests.debug.xcconfig"; sourceTree = "<group>"; };
		956364883642BDE818C49FCC /* Pods-SpotifyClientTests.release.xcconfig */ = {isa = PBXFileReference; includeInIndex = 1; lastKnownFileType = text.xcconfig; name = "Pods-SpotifyClientTests.release.xcconfig"; path = "Pods/Target Support Files/Pods-SpotifyClientTests/Pods-SpotifyClientTests.release.xcconfig"; sourceTree = "<group>"; };
		BE07C7C109A6291F4800E899 /* Pods-SpotifyClient.release.xcconfig */ = {isa = PBXFileReference; includeInIndex = 1; lastKnownFileType = text.xcconfig; name = "Pods-SpotifyClient.release.xcconfig"; path = "Pods/Target Support Files/Pods-SpotifyClient/Pods-SpotifyClient.release.xcconfig"; sourceTree = "<group>"; };
		C71D1DAD211FE5B2006DF250 /* HomePageModel.swift */ = {isa = PBXFileReference; lastKnownFileType = sourcecode.swift; path = HomePageModel.swift; sourceTree = "<group>"; };
		C71D1DAF211FE5D0006DF250 /* HomePageViewModel.swift */ = {isa = PBXFileReference; lastKnownFileType = sourcecode.swift; path = HomePageViewModel.swift; sourceTree = "<group>"; };
		C71D1DB121200B59006DF250 /* PerformSPRequest.swift */ = {isa = PBXFileReference; lastKnownFileType = sourcecode.swift; path = PerformSPRequest.swift; sourceTree = "<group>"; };
		C71D1DB32120AA99006DF250 /* PlayerSingleton.swift */ = {isa = PBXFileReference; lastKnownFileType = sourcecode.swift; path = PlayerSingleton.swift; sourceTree = "<group>"; };
		C72ACD2121293ED600387279 /* TextFieldHelpers.swift */ = {isa = PBXFileReference; lastKnownFileType = sourcecode.swift; path = TextFieldHelpers.swift; sourceTree = "<group>"; };
		C73C132621116D85003D6B29 /* SpotifyAuthentication.framework */ = {isa = PBXFileReference; lastKnownFileType = wrapper.framework; path = SpotifyAuthentication.framework; sourceTree = "<group>"; };
		C73C132721116D86003D6B29 /* SpotifyMetadata.framework */ = {isa = PBXFileReference; lastKnownFileType = wrapper.framework; path = SpotifyMetadata.framework; sourceTree = "<group>"; };
		C73C132821116D86003D6B29 /* SpotifyAudioPlayback.framework */ = {isa = PBXFileReference; lastKnownFileType = wrapper.framework; path = SpotifyAudioPlayback.framework; sourceTree = "<group>"; };
		C73C132C21116DE4003D6B29 /* SpotifyClient-Bridging-Header.h */ = {isa = PBXFileReference; lastKnownFileType = sourcecode.c.h; path = "SpotifyClient-Bridging-Header.h"; sourceTree = "<group>"; };
		C73C1330211171C8003D6B29 /* SignInViewController.swift */ = {isa = PBXFileReference; lastKnownFileType = sourcecode.swift; path = SignInViewController.swift; sourceTree = "<group>"; };
		C73C13332111867F003D6B29 /* SpotifyAuthUtils.swift */ = {isa = PBXFileReference; lastKnownFileType = sourcecode.swift; path = SpotifyAuthUtils.swift; sourceTree = "<group>"; };
		C73C1335211939B6003D6B29 /* PlaybackViewController.swift */ = {isa = PBXFileReference; lastKnownFileType = sourcecode.swift; path = PlaybackViewController.swift; sourceTree = "<group>"; };
		C73CDA20210D5FD400B6A3F7 /* HomeViewController.swift */ = {isa = PBXFileReference; lastKnownFileType = sourcecode.swift; path = HomeViewController.swift; sourceTree = "<group>"; };
		C73CDA24210D61E000B6A3F7 /* Router.swift */ = {isa = PBXFileReference; lastKnownFileType = sourcecode.swift; path = Router.swift; sourceTree = "<group>"; };
		C73CDA26210D622A00B6A3F7 /* Coordinator.swift */ = {isa = PBXFileReference; lastKnownFileType = sourcecode.swift; path = Coordinator.swift; sourceTree = "<group>"; };
		C73CDA28210D625C00B6A3F7 /* PlaylistsCoordinator.swift */ = {isa = PBXFileReference; lastKnownFileType = sourcecode.swift; path = PlaylistsCoordinator.swift; sourceTree = "<group>"; };
		C73CDA2A210D638300B6A3F7 /* PlaylistsViewController.swift */ = {isa = PBXFileReference; lastKnownFileType = sourcecode.swift; path = PlaylistsViewController.swift; sourceTree = "<group>"; };
		C73CDA2C210D63F400B6A3F7 /* HomeCoordinator.swift */ = {isa = PBXFileReference; lastKnownFileType = sourcecode.swift; path = HomeCoordinator.swift; sourceTree = "<group>"; };
		C73CDA2E210D6F6600B6A3F7 /* MainViewController.swift */ = {isa = PBXFileReference; lastKnownFileType = sourcecode.swift; path = MainViewController.swift; sourceTree = "<group>"; };
		C73CDA30210D703C00B6A3F7 /* AppViewController.swift */ = {isa = PBXFileReference; lastKnownFileType = sourcecode.swift; path = AppViewController.swift; sourceTree = "<group>"; };
		C73CDA32210D704F00B6A3F7 /* MenuViewController.swift */ = {isa = PBXFileReference; lastKnownFileType = sourcecode.swift; path = MenuViewController.swift; sourceTree = "<group>"; };
		C73CDA34210D7CB000B6A3F7 /* ProfileViewController.swift */ = {isa = PBXFileReference; lastKnownFileType = sourcecode.swift; path = ProfileViewController.swift; sourceTree = "<group>"; };
		C73CDA36210E29F400B6A3F7 /* MenuRouteDelegate.swift */ = {isa = PBXFileReference; lastKnownFileType = sourcecode.swift; path = MenuRouteDelegate.swift; sourceTree = "<group>"; };
		C73CDA39210E97B100B6A3F7 /* LayoutProvider.swift */ = {isa = PBXFileReference; lastKnownFileType = sourcecode.swift; path = LayoutProvider.swift; sourceTree = "<group>"; };
		C76F8F0B210D5A1C002B4756 /* SpotifyClient.app */ = {isa = PBXFileReference; explicitFileType = wrapper.application; includeInIndex = 0; path = SpotifyClient.app; sourceTree = BUILT_PRODUCTS_DIR; };
		C76F8F0E210D5A1C002B4756 /* AppDelegate.swift */ = {isa = PBXFileReference; lastKnownFileType = sourcecode.swift; path = AppDelegate.swift; sourceTree = "<group>"; };
		C76F8F13210D5A1C002B4756 /* Base */ = {isa = PBXFileReference; lastKnownFileType = file.storyboard; name = Base; path = Base.lproj/Main.storyboard; sourceTree = "<group>"; };
		C76F8F15210D5A1D002B4756 /* Assets.xcassets */ = {isa = PBXFileReference; lastKnownFileType = folder.assetcatalog; path = Assets.xcassets; sourceTree = "<group>"; };
		C76F8F18210D5A1D002B4756 /* Base */ = {isa = PBXFileReference; lastKnownFileType = file.storyboard; name = Base; path = Base.lproj/LaunchScreen.storyboard; sourceTree = "<group>"; };
		C76F8F1A210D5A1D002B4756 /* Info.plist */ = {isa = PBXFileReference; lastKnownFileType = text.plist.xml; path = Info.plist; sourceTree = "<group>"; };
		C76F8F1F210D5A1D002B4756 /* SpotifyClientTests.xctest */ = {isa = PBXFileReference; explicitFileType = wrapper.cfbundle; includeInIndex = 0; path = SpotifyClientTests.xctest; sourceTree = BUILT_PRODUCTS_DIR; };
		C76F8F23210D5A1D002B4756 /* SpotifyClientTests.swift */ = {isa = PBXFileReference; lastKnownFileType = sourcecode.swift; path = SpotifyClientTests.swift; sourceTree = "<group>"; };
		C76F8F25210D5A1D002B4756 /* Info.plist */ = {isa = PBXFileReference; lastKnownFileType = text.plist.xml; path = Info.plist; sourceTree = "<group>"; };
		D5F5A7292DEF9D96CA954485 /* Pods_SpotifyClientTests.framework */ = {isa = PBXFileReference; explicitFileType = wrapper.framework; includeInIndex = 0; path = Pods_SpotifyClientTests.framework; sourceTree = BUILT_PRODUCTS_DIR; };
		E07550EDD0C844BAC8E7BC14 /* Pods_SpotifyClient.framework */ = {isa = PBXFileReference; explicitFileType = wrapper.framework; includeInIndex = 0; path = Pods_SpotifyClient.framework; sourceTree = BUILT_PRODUCTS_DIR; };
/* End PBXFileReference section */

/* Begin PBXFrameworksBuildPhase section */
		C76F8F08210D5A1C002B4756 /* Frameworks */ = {
			isa = PBXFrameworksBuildPhase;
			buildActionMask = 2147483647;
			files = (
				D9DF8FC94478369A0BB47F97 /* Pods_SpotifyClient.framework in Frameworks */,
				C73C132B21116D99003D6B29 /* SpotifyAudioPlayback.framework in Frameworks */,
				C73C132A21116D99003D6B29 /* SpotifyMetadata.framework in Frameworks */,
				C73C132921116D99003D6B29 /* SpotifyAuthentication.framework in Frameworks */,
			);
			runOnlyForDeploymentPostprocessing = 0;
		};
		C76F8F1C210D5A1D002B4756 /* Frameworks */ = {
			isa = PBXFrameworksBuildPhase;
			buildActionMask = 2147483647;
			files = (
				AC74D5FE19A235957AD84162 /* Pods_SpotifyClientTests.framework in Frameworks */,
			);
			runOnlyForDeploymentPostprocessing = 0;
		};
/* End PBXFrameworksBuildPhase section */

/* Begin PBXGroup section */
		5E95D8666C1EE04ECCD95946 /* Pods */ = {
			isa = PBXGroup;
			children = (
				4AB2C0DC65C7AF8A885573A7 /* Pods-SpotifyClient.debug.xcconfig */,
				BE07C7C109A6291F4800E899 /* Pods-SpotifyClient.release.xcconfig */,
				69BDAC3F9AA4EE12C3FCC4F3 /* Pods-SpotifyClientTests.debug.xcconfig */,
				956364883642BDE818C49FCC /* Pods-SpotifyClientTests.release.xcconfig */,
			);
			name = Pods;
			sourceTree = "<group>";
		};
		80C836397BC9174E508012BE /* Frameworks */ = {
			isa = PBXGroup;
			children = (
				C73C132821116D86003D6B29 /* SpotifyAudioPlayback.framework */,
				C73C132621116D85003D6B29 /* SpotifyAuthentication.framework */,
				C73C132721116D86003D6B29 /* SpotifyMetadata.framework */,
				E07550EDD0C844BAC8E7BC14 /* Pods_SpotifyClient.framework */,
				D5F5A7292DEF9D96CA954485 /* Pods_SpotifyClientTests.framework */,
			);
			name = Frameworks;
			sourceTree = "<group>";
		};
		C73C133221118654003D6B29 /* SpotifyUtils */ = {
			isa = PBXGroup;
			children = (
				C73C13332111867F003D6B29 /* SpotifyAuthUtils.swift */,
				C71D1DB121200B59006DF250 /* PerformSPRequest.swift */,
				C71D1DB32120AA99006DF250 /* PlayerSingleton.swift */,
			);
			path = SpotifyUtils;
			sourceTree = "<group>";
		};
		C73CDA23210D61CB00B6A3F7 /* Coordinators */ = {
			isa = PBXGroup;
			children = (
				C73CDA24210D61E000B6A3F7 /* Router.swift */,
				C73CDA26210D622A00B6A3F7 /* Coordinator.swift */,
				C73CDA28210D625C00B6A3F7 /* PlaylistsCoordinator.swift */,
				C73CDA2C210D63F400B6A3F7 /* HomeCoordinator.swift */,
				C73CDA36210E29F400B6A3F7 /* MenuRouteDelegate.swift */,
			);
			path = Coordinators;
			sourceTree = "<group>";
		};
		C73CDA38210E979C00B6A3F7 /* Layout */ = {
			isa = PBXGroup;
			children = (
				C72ACD2121293ED600387279 /* TextFieldHelpers.swift */,
				C73CDA39210E97B100B6A3F7 /* LayoutProvider.swift */,
			);
			path = Layout;
			sourceTree = "<group>";
		};
		C76F8F02210D5A1C002B4756 = {
			isa = PBXGroup;
			children = (
				C76F8F0D210D5A1C002B4756 /* SpotifyClient */,
				C76F8F22210D5A1D002B4756 /* SpotifyClientTests */,
				C76F8F0C210D5A1C002B4756 /* Products */,
				5E95D8666C1EE04ECCD95946 /* Pods */,
				80C836397BC9174E508012BE /* Frameworks */,
			);
			sourceTree = "<group>";
		};
		C76F8F0C210D5A1C002B4756 /* Products */ = {
			isa = PBXGroup;
			children = (
				C76F8F0B210D5A1C002B4756 /* SpotifyClient.app */,
				C76F8F1F210D5A1D002B4756 /* SpotifyClientTests.xctest */,
			);
			name = Products;
			sourceTree = "<group>";
		};
		C76F8F0D210D5A1C002B4756 /* SpotifyClient */ = {
			isa = PBXGroup;
			children = (
				C73C133221118654003D6B29 /* SpotifyUtils */,
				C73CDA23210D61CB00B6A3F7 /* Coordinators */,
				C76F8F30210D5C36002B4756 /* ViewModel */,
				C76F8F2F210D5C2A002B4756 /* View */,
				C76F8F2E210D5C24002B4756 /* Model */,
				C76F8F0E210D5A1C002B4756 /* AppDelegate.swift */,
				C76F8F12210D5A1C002B4756 /* Main.storyboard */,
				C76F8F15210D5A1D002B4756 /* Assets.xcassets */,
				C76F8F17210D5A1D002B4756 /* LaunchScreen.storyboard */,
				C76F8F1A210D5A1D002B4756 /* Info.plist */,
				C73CDA2E210D6F6600B6A3F7 /* MainViewController.swift */,
				C73CDA30210D703C00B6A3F7 /* AppViewController.swift */,
				C73CDA32210D704F00B6A3F7 /* MenuViewController.swift */,
				C73C132C21116DE4003D6B29 /* SpotifyClient-Bridging-Header.h */,
			);
			path = SpotifyClient;
			sourceTree = "<group>";
		};
		C76F8F22210D5A1D002B4756 /* SpotifyClientTests */ = {
			isa = PBXGroup;
			children = (
				C76F8F23210D5A1D002B4756 /* SpotifyClientTests.swift */,
				C76F8F25210D5A1D002B4756 /* Info.plist */,
			);
			path = SpotifyClientTests;
			sourceTree = "<group>";
		};
		C76F8F2E210D5C24002B4756 /* Model */ = {
			isa = PBXGroup;
			children = (
				C71D1DAD211FE5B2006DF250 /* HomePageModel.swift */,
			);
			path = Model;
			sourceTree = "<group>";
		};
		C76F8F2F210D5C2A002B4756 /* View */ = {
			isa = PBXGroup;
			children = (
				C73CDA38210E979C00B6A3F7 /* Layout */,
				C73CDA20210D5FD400B6A3F7 /* HomeViewController.swift */,
				C73CDA2A210D638300B6A3F7 /* PlaylistsViewController.swift */,
				C73CDA34210D7CB000B6A3F7 /* ProfileViewController.swift */,
				C73C1330211171C8003D6B29 /* SignInViewController.swift */,
				C73C1335211939B6003D6B29 /* PlaybackViewController.swift */,
			);
			path = View;
			sourceTree = "<group>";
		};
		C76F8F30210D5C36002B4756 /* ViewModel */ = {
			isa = PBXGroup;
			children = (
				C71D1DAF211FE5D0006DF250 /* HomePageViewModel.swift */,
			);
			path = ViewModel;
			sourceTree = "<group>";
		};
/* End PBXGroup section */

/* Begin PBXNativeTarget section */
		C76F8F0A210D5A1C002B4756 /* SpotifyClient */ = {
			isa = PBXNativeTarget;
			buildConfigurationList = C76F8F28210D5A1D002B4756 /* Build configuration list for PBXNativeTarget "SpotifyClient" */;
			buildPhases = (
				26F0B25BC5EDE94802F1405A /* [CP] Check Pods Manifest.lock */,
				C76F8F07210D5A1C002B4756 /* Sources */,
				C76F8F08210D5A1C002B4756 /* Frameworks */,
				C76F8F09210D5A1C002B4756 /* Resources */,
				C067A11F0BA86451E87BF4BF /* [CP] Embed Pods Frameworks */,
			);
			buildRules = (
			);
			dependencies = (
			);
			name = SpotifyClient;
			productName = SpotifyClient;
			productReference = C76F8F0B210D5A1C002B4756 /* SpotifyClient.app */;
			productType = "com.apple.product-type.application";
		};
		C76F8F1E210D5A1D002B4756 /* SpotifyClientTests */ = {
			isa = PBXNativeTarget;
			buildConfigurationList = C76F8F2B210D5A1D002B4756 /* Build configuration list for PBXNativeTarget "SpotifyClientTests" */;
			buildPhases = (
				7915EC22544AF98A90D6BCC5 /* [CP] Check Pods Manifest.lock */,
				C76F8F1B210D5A1D002B4756 /* Sources */,
				C76F8F1C210D5A1D002B4756 /* Frameworks */,
				C76F8F1D210D5A1D002B4756 /* Resources */,
				51A0FB09D5CB8EFA45E3D05C /* [CP] Embed Pods Frameworks */,
			);
			buildRules = (
			);
			dependencies = (
				C76F8F21210D5A1D002B4756 /* PBXTargetDependency */,
			);
			name = SpotifyClientTests;
			productName = SpotifyClientTests;
			productReference = C76F8F1F210D5A1D002B4756 /* SpotifyClientTests.xctest */;
			productType = "com.apple.product-type.bundle.unit-test";
		};
/* End PBXNativeTarget section */

/* Begin PBXProject section */
		C76F8F03210D5A1C002B4756 /* Project object */ = {
			isa = PBXProject;
			attributes = {
				LastSwiftUpdateCheck = 0940;
				LastUpgradeCheck = 0940;
				ORGANIZATIONNAME = "Giorgi Khorguani";
				TargetAttributes = {
					C76F8F0A210D5A1C002B4756 = {
						CreatedOnToolsVersion = 9.4.1;
						LastSwiftMigration = 0940;
					};
					C76F8F1E210D5A1D002B4756 = {
						CreatedOnToolsVersion = 9.4.1;
						TestTargetID = C76F8F0A210D5A1C002B4756;
					};
				};
			};
			buildConfigurationList = C76F8F06210D5A1C002B4756 /* Build configuration list for PBXProject "SpotifyClient" */;
			compatibilityVersion = "Xcode 9.3";
			developmentRegion = en;
			hasScannedForEncodings = 0;
			knownRegions = (
				en,
				Base,
			);
			mainGroup = C76F8F02210D5A1C002B4756;
			productRefGroup = C76F8F0C210D5A1C002B4756 /* Products */;
			projectDirPath = "";
			projectRoot = "";
			targets = (
				C76F8F0A210D5A1C002B4756 /* SpotifyClient */,
				C76F8F1E210D5A1D002B4756 /* SpotifyClientTests */,
			);
		};
/* End PBXProject section */

/* Begin PBXResourcesBuildPhase section */
		C76F8F09210D5A1C002B4756 /* Resources */ = {
			isa = PBXResourcesBuildPhase;
			buildActionMask = 2147483647;
			files = (
				C76F8F19210D5A1D002B4756 /* LaunchScreen.storyboard in Resources */,
				C76F8F16210D5A1D002B4756 /* Assets.xcassets in Resources */,
				C76F8F14210D5A1C002B4756 /* Main.storyboard in Resources */,
			);
			runOnlyForDeploymentPostprocessing = 0;
		};
		C76F8F1D210D5A1D002B4756 /* Resources */ = {
			isa = PBXResourcesBuildPhase;
			buildActionMask = 2147483647;
			files = (
			);
			runOnlyForDeploymentPostprocessing = 0;
		};
/* End PBXResourcesBuildPhase section */

/* Begin PBXShellScriptBuildPhase section */
		26F0B25BC5EDE94802F1405A /* [CP] Check Pods Manifest.lock */ = {
			isa = PBXShellScriptBuildPhase;
			buildActionMask = 2147483647;
			files = (
			);
			inputPaths = (
				"${PODS_PODFILE_DIR_PATH}/Podfile.lock",
				"${PODS_ROOT}/Manifest.lock",
			);
			name = "[CP] Check Pods Manifest.lock";
			outputPaths = (
				"$(DERIVED_FILE_DIR)/Pods-SpotifyClient-checkManifestLockResult.txt",
			);
			runOnlyForDeploymentPostprocessing = 0;
			shellPath = /bin/sh;
			shellScript = "diff \"${PODS_PODFILE_DIR_PATH}/Podfile.lock\" \"${PODS_ROOT}/Manifest.lock\" > /dev/null\nif [ $? != 0 ] ; then\n    # print error to STDERR\n    echo \"error: The sandbox is not in sync with the Podfile.lock. Run 'pod install' or update your CocoaPods installation.\" >&2\n    exit 1\nfi\n# This output is used by Xcode 'outputs' to avoid re-running this script phase.\necho \"SUCCESS\" > \"${SCRIPT_OUTPUT_FILE_0}\"\n";
			showEnvVarsInLog = 0;
		};
		51A0FB09D5CB8EFA45E3D05C /* [CP] Embed Pods Frameworks */ = {
			isa = PBXShellScriptBuildPhase;
			buildActionMask = 2147483647;
			files = (
			);
			inputPaths = (
				"${SRCROOT}/Pods/Target Support Files/Pods-SpotifyClientTests/Pods-SpotifyClientTests-frameworks.sh",
				"${BUILT_PRODUCTS_DIR}/RxSwift/RxSwift.framework",
				"${BUILT_PRODUCTS_DIR}/RxBlocking/RxBlocking.framework",
				"${BUILT_PRODUCTS_DIR}/RxTest/RxTest.framework",
			);
			name = "[CP] Embed Pods Frameworks";
			outputPaths = (
				"${TARGET_BUILD_DIR}/${FRAMEWORKS_FOLDER_PATH}/RxSwift.framework",
				"${TARGET_BUILD_DIR}/${FRAMEWORKS_FOLDER_PATH}/RxBlocking.framework",
				"${TARGET_BUILD_DIR}/${FRAMEWORKS_FOLDER_PATH}/RxTest.framework",
			);
			runOnlyForDeploymentPostprocessing = 0;
			shellPath = /bin/sh;
			shellScript = "\"${SRCROOT}/Pods/Target Support Files/Pods-SpotifyClientTests/Pods-SpotifyClientTests-frameworks.sh\"\n";
			showEnvVarsInLog = 0;
		};
		7915EC22544AF98A90D6BCC5 /* [CP] Check Pods Manifest.lock */ = {
			isa = PBXShellScriptBuildPhase;
			buildActionMask = 2147483647;
			files = (
			);
			inputPaths = (
				"${PODS_PODFILE_DIR_PATH}/Podfile.lock",
				"${PODS_ROOT}/Manifest.lock",
			);
			name = "[CP] Check Pods Manifest.lock";
			outputPaths = (
				"$(DERIVED_FILE_DIR)/Pods-SpotifyClientTests-checkManifestLockResult.txt",
			);
			runOnlyForDeploymentPostprocessing = 0;
			shellPath = /bin/sh;
			shellScript = "diff \"${PODS_PODFILE_DIR_PATH}/Podfile.lock\" \"${PODS_ROOT}/Manifest.lock\" > /dev/null\nif [ $? != 0 ] ; then\n    # print error to STDERR\n    echo \"error: The sandbox is not in sync with the Podfile.lock. Run 'pod install' or update your CocoaPods installation.\" >&2\n    exit 1\nfi\n# This output is used by Xcode 'outputs' to avoid re-running this script phase.\necho \"SUCCESS\" > \"${SCRIPT_OUTPUT_FILE_0}\"\n";
			showEnvVarsInLog = 0;
		};
		C067A11F0BA86451E87BF4BF /* [CP] Embed Pods Frameworks */ = {
			isa = PBXShellScriptBuildPhase;
			buildActionMask = 2147483647;
			files = (
			);
			inputPaths = (
				"${SRCROOT}/Pods/Target Support Files/Pods-SpotifyClient/Pods-SpotifyClient-frameworks.sh",
				"${BUILT_PRODUCTS_DIR}/RxCocoa/RxCocoa.framework",
				"${BUILT_PRODUCTS_DIR}/RxSwift/RxSwift.framework",
				"${BUILT_PRODUCTS_DIR}/SnapKit/SnapKit.framework",
			);
			name = "[CP] Embed Pods Frameworks";
			outputPaths = (
				"${TARGET_BUILD_DIR}/${FRAMEWORKS_FOLDER_PATH}/RxCocoa.framework",
				"${TARGET_BUILD_DIR}/${FRAMEWORKS_FOLDER_PATH}/RxSwift.framework",
				"${TARGET_BUILD_DIR}/${FRAMEWORKS_FOLDER_PATH}/SnapKit.framework",
			);
			runOnlyForDeploymentPostprocessing = 0;
			shellPath = /bin/sh;
			shellScript = "\"${SRCROOT}/Pods/Target Support Files/Pods-SpotifyClient/Pods-SpotifyClient-frameworks.sh\"\n";
			showEnvVarsInLog = 0;
		};
/* End PBXShellScriptBuildPhase section */

/* Begin PBXSourcesBuildPhase section */
		C76F8F07210D5A1C002B4756 /* Sources */ = {
			isa = PBXSourcesBuildPhase;
			buildActionMask = 2147483647;
			files = (
				C73CDA29210D625C00B6A3F7 /* PlaylistsCoordinator.swift in Sources */,
				C73C1336211939B6003D6B29 /* PlaybackViewController.swift in Sources */,
				C71D1DB0211FE5D0006DF250 /* HomePageViewModel.swift in Sources */,
				C73CDA37210E29F400B6A3F7 /* MenuRouteDelegate.swift in Sources */,
				C73C13342111867F003D6B29 /* SpotifyAuthUtils.swift in Sources */,
				C71D1DAE211FE5B2006DF250 /* HomePageModel.swift in Sources */,
				C73CDA33210D704F00B6A3F7 /* MenuViewController.swift in Sources */,
				C73CDA27210D622B00B6A3F7 /* Coordinator.swift in Sources */,
				C71D1DB42120AA99006DF250 /* PlayerSingleton.swift in Sources */,
				C76F8F0F210D5A1C002B4756 /* AppDelegate.swift in Sources */,
				C73CDA3A210E97B100B6A3F7 /* LayoutProvider.swift in Sources */,
				C73CDA25210D61E000B6A3F7 /* Router.swift in Sources */,
				C73C1331211171C8003D6B29 /* SignInViewController.swift in Sources */,
				C71D1DB221200B59006DF250 /* PerformSPRequest.swift in Sources */,
				C72ACD2221293ED600387279 /* TextFieldHelpers.swift in Sources */,
				C73CDA2B210D638300B6A3F7 /* PlaylistsViewController.swift in Sources */,
				C73CDA35210D7CB000B6A3F7 /* ProfileViewController.swift in Sources */,
				C73CDA2D210D63F400B6A3F7 /* HomeCoordinator.swift in Sources */,
				C73CDA31210D703C00B6A3F7 /* AppViewController.swift in Sources */,
				C73CDA21210D5FD400B6A3F7 /* HomeViewController.swift in Sources */,
				C73CDA2F210D6F6600B6A3F7 /* MainViewController.swift in Sources */,
			);
			runOnlyForDeploymentPostprocessing = 0;
		};
		C76F8F1B210D5A1D002B4756 /* Sources */ = {
			isa = PBXSourcesBuildPhase;
			buildActionMask = 2147483647;
			files = (
				C76F8F24210D5A1D002B4756 /* SpotifyClientTests.swift in Sources */,
			);
			runOnlyForDeploymentPostprocessing = 0;
		};
/* End PBXSourcesBuildPhase section */

/* Begin PBXTargetDependency section */
		C76F8F21210D5A1D002B4756 /* PBXTargetDependency */ = {
			isa = PBXTargetDependency;
			target = C76F8F0A210D5A1C002B4756 /* SpotifyClient */;
			targetProxy = C76F8F20210D5A1D002B4756 /* PBXContainerItemProxy */;
		};
/* End PBXTargetDependency section */

/* Begin PBXVariantGroup section */
		C76F8F12210D5A1C002B4756 /* Main.storyboard */ = {
			isa = PBXVariantGroup;
			children = (
				C76F8F13210D5A1C002B4756 /* Base */,
			);
			name = Main.storyboard;
			sourceTree = "<group>";
		};
		C76F8F17210D5A1D002B4756 /* LaunchScreen.storyboard */ = {
			isa = PBXVariantGroup;
			children = (
				C76F8F18210D5A1D002B4756 /* Base */,
			);
			name = LaunchScreen.storyboard;
			sourceTree = "<group>";
		};
/* End PBXVariantGroup section */

/* Begin XCBuildConfiguration section */
		C76F8F26210D5A1D002B4756 /* Debug */ = {
			isa = XCBuildConfiguration;
			buildSettings = {
				ALWAYS_SEARCH_USER_PATHS = NO;
				CLANG_ANALYZER_NONNULL = YES;
				CLANG_ANALYZER_NUMBER_OBJECT_CONVERSION = YES_AGGRESSIVE;
				CLANG_CXX_LANGUAGE_STANDARD = "gnu++14";
				CLANG_CXX_LIBRARY = "libc++";
				CLANG_ENABLE_MODULES = YES;
				CLANG_ENABLE_OBJC_ARC = YES;
				CLANG_ENABLE_OBJC_WEAK = YES;
				CLANG_WARN_BLOCK_CAPTURE_AUTORELEASING = YES;
				CLANG_WARN_BOOL_CONVERSION = YES;
				CLANG_WARN_COMMA = YES;
				CLANG_WARN_CONSTANT_CONVERSION = YES;
				CLANG_WARN_DEPRECATED_OBJC_IMPLEMENTATIONS = YES;
				CLANG_WARN_DIRECT_OBJC_ISA_USAGE = YES_ERROR;
				CLANG_WARN_DOCUMENTATION_COMMENTS = YES;
				CLANG_WARN_EMPTY_BODY = YES;
				CLANG_WARN_ENUM_CONVERSION = YES;
				CLANG_WARN_INFINITE_RECURSION = YES;
				CLANG_WARN_INT_CONVERSION = YES;
				CLANG_WARN_NON_LITERAL_NULL_CONVERSION = YES;
				CLANG_WARN_OBJC_IMPLICIT_RETAIN_SELF = YES;
				CLANG_WARN_OBJC_LITERAL_CONVERSION = YES;
				CLANG_WARN_OBJC_ROOT_CLASS = YES_ERROR;
				CLANG_WARN_RANGE_LOOP_ANALYSIS = YES;
				CLANG_WARN_STRICT_PROTOTYPES = YES;
				CLANG_WARN_SUSPICIOUS_MOVE = YES;
				CLANG_WARN_UNGUARDED_AVAILABILITY = YES_AGGRESSIVE;
				CLANG_WARN_UNREACHABLE_CODE = YES;
				CLANG_WARN__DUPLICATE_METHOD_MATCH = YES;
				CODE_SIGN_IDENTITY = "iPhone Developer";
				COPY_PHASE_STRIP = NO;
				DEBUG_INFORMATION_FORMAT = dwarf;
				ENABLE_STRICT_OBJC_MSGSEND = YES;
				ENABLE_TESTABILITY = YES;
				GCC_C_LANGUAGE_STANDARD = gnu11;
				GCC_DYNAMIC_NO_PIC = NO;
				GCC_NO_COMMON_BLOCKS = YES;
				GCC_OPTIMIZATION_LEVEL = 0;
				GCC_PREPROCESSOR_DEFINITIONS = (
					"DEBUG=1",
					"$(inherited)",
				);
				GCC_WARN_64_TO_32_BIT_CONVERSION = YES;
				GCC_WARN_ABOUT_RETURN_TYPE = YES_ERROR;
				GCC_WARN_UNDECLARED_SELECTOR = YES;
				GCC_WARN_UNINITIALIZED_AUTOS = YES_AGGRESSIVE;
				GCC_WARN_UNUSED_FUNCTION = YES;
				GCC_WARN_UNUSED_VARIABLE = YES;
				IPHONEOS_DEPLOYMENT_TARGET = 11.4;
				MTL_ENABLE_DEBUG_INFO = YES;
				ONLY_ACTIVE_ARCH = YES;
				SDKROOT = iphoneos;
				SWIFT_ACTIVE_COMPILATION_CONDITIONS = DEBUG;
				SWIFT_OPTIMIZATION_LEVEL = "-Onone";
			};
			name = Debug;
		};
		C76F8F27210D5A1D002B4756 /* Release */ = {
			isa = XCBuildConfiguration;
			buildSettings = {
				ALWAYS_SEARCH_USER_PATHS = NO;
				CLANG_ANALYZER_NONNULL = YES;
				CLANG_ANALYZER_NUMBER_OBJECT_CONVERSION = YES_AGGRESSIVE;
				CLANG_CXX_LANGUAGE_STANDARD = "gnu++14";
				CLANG_CXX_LIBRARY = "libc++";
				CLANG_ENABLE_MODULES = YES;
				CLANG_ENABLE_OBJC_ARC = YES;
				CLANG_ENABLE_OBJC_WEAK = YES;
				CLANG_WARN_BLOCK_CAPTURE_AUTORELEASING = YES;
				CLANG_WARN_BOOL_CONVERSION = YES;
				CLANG_WARN_COMMA = YES;
				CLANG_WARN_CONSTANT_CONVERSION = YES;
				CLANG_WARN_DEPRECATED_OBJC_IMPLEMENTATIONS = YES;
				CLANG_WARN_DIRECT_OBJC_ISA_USAGE = YES_ERROR;
				CLANG_WARN_DOCUMENTATION_COMMENTS = YES;
				CLANG_WARN_EMPTY_BODY = YES;
				CLANG_WARN_ENUM_CONVERSION = YES;
				CLANG_WARN_INFINITE_RECURSION = YES;
				CLANG_WARN_INT_CONVERSION = YES;
				CLANG_WARN_NON_LITERAL_NULL_CONVERSION = YES;
				CLANG_WARN_OBJC_IMPLICIT_RETAIN_SELF = YES;
				CLANG_WARN_OBJC_LITERAL_CONVERSION = YES;
				CLANG_WARN_OBJC_ROOT_CLASS = YES_ERROR;
				CLANG_WARN_RANGE_LOOP_ANALYSIS = YES;
				CLANG_WARN_STRICT_PROTOTYPES = YES;
				CLANG_WARN_SUSPICIOUS_MOVE = YES;
				CLANG_WARN_UNGUARDED_AVAILABILITY = YES_AGGRESSIVE;
				CLANG_WARN_UNREACHABLE_CODE = YES;
				CLANG_WARN__DUPLICATE_METHOD_MATCH = YES;
				CODE_SIGN_IDENTITY = "iPhone Developer";
				COPY_PHASE_STRIP = NO;
				DEBUG_INFORMATION_FORMAT = "dwarf-with-dsym";
				ENABLE_NS_ASSERTIONS = NO;
				ENABLE_STRICT_OBJC_MSGSEND = YES;
				GCC_C_LANGUAGE_STANDARD = gnu11;
				GCC_NO_COMMON_BLOCKS = YES;
				GCC_WARN_64_TO_32_BIT_CONVERSION = YES;
				GCC_WARN_ABOUT_RETURN_TYPE = YES_ERROR;
				GCC_WARN_UNDECLARED_SELECTOR = YES;
				GCC_WARN_UNINITIALIZED_AUTOS = YES_AGGRESSIVE;
				GCC_WARN_UNUSED_FUNCTION = YES;
				GCC_WARN_UNUSED_VARIABLE = YES;
				IPHONEOS_DEPLOYMENT_TARGET = 11.4;
				MTL_ENABLE_DEBUG_INFO = NO;
				SDKROOT = iphoneos;
				SWIFT_COMPILATION_MODE = wholemodule;
				SWIFT_OPTIMIZATION_LEVEL = "-O";
				VALIDATE_PRODUCT = YES;
			};
			name = Release;
		};
		C76F8F29210D5A1D002B4756 /* Debug */ = {
			isa = XCBuildConfiguration;
			baseConfigurationReference = 4AB2C0DC65C7AF8A885573A7 /* Pods-SpotifyClient.debug.xcconfig */;
			buildSettings = {
				ASSETCATALOG_COMPILER_APPICON_NAME = AppIcon;
				CLANG_ENABLE_MODULES = YES;
				CODE_SIGN_STYLE = Automatic;
				FRAMEWORK_SEARCH_PATHS = (
					"$(inherited)",
					"$(PROJECT_DIR)",
				);
				INFOPLIST_FILE = SpotifyClient/Info.plist;
				LD_RUNPATH_SEARCH_PATHS = (
					"$(inherited)",
					"@executable_path/Frameworks",
				);
				OTHER_LDFLAGS = (
					"$(inherited)",
					"-framework",
					"\"RxCocoa\"",
					"-framework",
					"\"RxSwift\"",
					"-ObjC",
				);
				PRODUCT_BUNDLE_IDENTIFIER = gkhorguani.SpotifyClient;
				PRODUCT_NAME = "$(TARGET_NAME)";
				SWIFT_OBJC_BRIDGING_HEADER = "SpotifyClient/SpotifyClient-Bridging-Header.h";
				SWIFT_OPTIMIZATION_LEVEL = "-Onone";
				SWIFT_VERSION = 4.0;
				TARGETED_DEVICE_FAMILY = "1,2";
			};
			name = Debug;
		};
		C76F8F2A210D5A1D002B4756 /* Release */ = {
			isa = XCBuildConfiguration;
			baseConfigurationReference = BE07C7C109A6291F4800E899 /* Pods-SpotifyClient.release.xcconfig */;
			buildSettings = {
				ASSETCATALOG_COMPILER_APPICON_NAME = AppIcon;
				CLANG_ENABLE_MODULES = YES;
				CODE_SIGN_STYLE = Automatic;
				FRAMEWORK_SEARCH_PATHS = (
					"$(inherited)",
					"$(PROJECT_DIR)",
				);
				INFOPLIST_FILE = SpotifyClient/Info.plist;
				LD_RUNPATH_SEARCH_PATHS = (
					"$(inherited)",
					"@executable_path/Frameworks",
				);
				OTHER_LDFLAGS = (
					"$(inherited)",
					"-framework",
					"\"RxCocoa\"",
					"-framework",
					"\"RxSwift\"",
					"-ObjC",
				);
				PRODUCT_BUNDLE_IDENTIFIER = gkhorguani.SpotifyClient;
				PRODUCT_NAME = "$(TARGET_NAME)";
				SWIFT_OBJC_BRIDGING_HEADER = "SpotifyClient/SpotifyClient-Bridging-Header.h";
				SWIFT_VERSION = 4.0;
				TARGETED_DEVICE_FAMILY = "1,2";
			};
			name = Release;
		};
		C76F8F2C210D5A1D002B4756 /* Debug */ = {
			isa = XCBuildConfiguration;
			baseConfigurationReference = 69BDAC3F9AA4EE12C3FCC4F3 /* Pods-SpotifyClientTests.debug.xcconfig */;
			buildSettings = {
				ALWAYS_EMBED_SWIFT_STANDARD_LIBRARIES = YES;
				BUNDLE_LOADER = "$(TEST_HOST)";
				CODE_SIGN_STYLE = Automatic;
				INFOPLIST_FILE = SpotifyClientTests/Info.plist;
				LD_RUNPATH_SEARCH_PATHS = (
					"$(inherited)",
					"@executable_path/Frameworks",
					"@loader_path/Frameworks",
				);
				PRODUCT_BUNDLE_IDENTIFIER = gkhorguani.SpotifyClientTests;
				PRODUCT_NAME = "$(TARGET_NAME)";
				SWIFT_VERSION = 4.0;
				TARGETED_DEVICE_FAMILY = "1,2";
				TEST_HOST = "$(BUILT_PRODUCTS_DIR)/SpotifyClient.app/SpotifyClient";
			};
			name = Debug;
		};
		C76F8F2D210D5A1D002B4756 /* Release */ = {
			isa = XCBuildConfiguration;
			baseConfigurationReference = 956364883642BDE818C49FCC /* Pods-SpotifyClientTests.release.xcconfig */;
			buildSettings = {
				ALWAYS_EMBED_SWIFT_STANDARD_LIBRARIES = YES;
				BUNDLE_LOADER = "$(TEST_HOST)";
				CODE_SIGN_STYLE = Automatic;
				INFOPLIST_FILE = SpotifyClientTests/Info.plist;
				LD_RUNPATH_SEARCH_PATHS = (
					"$(inherited)",
					"@executable_path/Frameworks",
					"@loader_path/Frameworks",
				);
				PRODUCT_BUNDLE_IDENTIFIER = gkhorguani.SpotifyClientTests;
				PRODUCT_NAME = "$(TARGET_NAME)";
				SWIFT_VERSION = 4.0;
				TARGETED_DEVICE_FAMILY = "1,2";
				TEST_HOST = "$(BUILT_PRODUCTS_DIR)/SpotifyClient.app/SpotifyClient";
			};
			name = Release;
		};
/* End XCBuildConfiguration section */

/* Begin XCConfigurationList section */
		C76F8F06210D5A1C002B4756 /* Build configuration list for PBXProject "SpotifyClient" */ = {
			isa = XCConfigurationList;
			buildConfigurations = (
				C76F8F26210D5A1D002B4756 /* Debug */,
				C76F8F27210D5A1D002B4756 /* Release */,
			);
			defaultConfigurationIsVisible = 0;
			defaultConfigurationName = Release;
		};
		C76F8F28210D5A1D002B4756 /* Build configuration list for PBXNativeTarget "SpotifyClient" */ = {
			isa = XCConfigurationList;
			buildConfigurations = (
				C76F8F29210D5A1D002B4756 /* Debug */,
				C76F8F2A210D5A1D002B4756 /* Release */,
			);
			defaultConfigurationIsVisible = 0;
			defaultConfigurationName = Release;
		};
		C76F8F2B210D5A1D002B4756 /* Build configuration list for PBXNativeTarget "SpotifyClientTests" */ = {
			isa = XCConfigurationList;
			buildConfigurations = (
				C76F8F2C210D5A1D002B4756 /* Debug */,
				C76F8F2D210D5A1D002B4756 /* Release */,
			);
			defaultConfigurationIsVisible = 0;
			defaultConfigurationName = Release;
		};
/* End XCConfigurationList section */
	};
	rootObject = C76F8F03210D5A1C002B4756 /* Project object */;
}
